
Microsoft Visual Studio Solution File, Format Version 12.00
# Visual Studio Version 17
VisualStudioVersion = 17.8.34525.116
MinimumVisualStudioVersion = 10.0.40219.1
Project("{9A19103F-16F7-4668-BE54-9A1E7A4F7556}") = "HotelClasses", "HotelLib\HotelClasses.csproj", "{028828BF-E432-4249-96C4-E7171BBA78A9}"
EndProject
Project("{FAE04EC0-301F-11D3-BF4B-00C04F79EFBC}") = "HotelComputer", "HotelComputer\HotelComputer.csproj", "{1D9C55BF-CE22-42F1-AF01-8638FD298F13}"
EndProject
Project("{9A19103F-16F7-4668-BE54-9A1E7A4F7556}") = "HotelWebsite", "HotelWebsite\HotelWebsite.csproj", "{0EFE90A6-3D81-413F-8CD1-1629B2708318}"
EndProject
Project("{FAE04EC0-301F-11D3-BF4B-00C04F79EFBC}") = "WPFDataContext", "WPFDataContext\WPFDataContext.csproj", "{31D7F7CD-D2F3-4C1F-8FA1-F49AE6906168}"
EndProject
Global
	GlobalSection(SolutionConfigurationPlatforms) = preSolution
		Debug|Any CPU = Debug|Any CPU
		Release|Any CPU = Release|Any CPU
	EndGlobalSection
	GlobalSection(ProjectConfigurationPlatforms) = postSolution
		{028828BF-E432-4249-96C4-E7171BBA78A9}.Debug|Any CPU.ActiveCfg = Debug|Any CPU
		{028828BF-E432-4249-96C4-E7171BBA78A9}.Debug|Any CPU.Build.0 = Debug|Any CPU
		{028828BF-E432-4249-96C4-E7171BBA78A9}.Release|Any CPU.ActiveCfg = Release|Any CPU
		{028828BF-E432-4249-96C4-E7171BBA78A9}.Release|Any CPU.Build.0 = Release|Any CPU
		{1D9C55BF-CE22-42F1-AF01-8638FD298F13}.Debug|Any CPU.ActiveCfg = Debug|Any CPU
		{1D9C55BF-CE22-42F1-AF01-8638FD298F13}.Debug|Any CPU.Build.0 = Debug|Any CPU
		{1D9C55BF-CE22-42F1-AF01-8638FD298F13}.Release|Any CPU.ActiveCfg = Release|Any CPU
		{1D9C55BF-CE22-42F1-AF01-8638FD298F13}.Release|Any CPU.Build.0 = Release|Any CPU
		{0EFE90A6-3D81-413F-8CD1-1629B2708318}.Debug|Any CPU.ActiveCfg = Debug|Any CPU
		{0EFE90A6-3D81-413F-8CD1-1629B2708318}.Debug|Any CPU.Build.0 = Debug|Any CPU
		{0EFE90A6-3D81-413F-8CD1-1629B2708318}.Release|Any CPU.ActiveCfg = Release|Any CPU
		{0EFE90A6-3D81-413F-8CD1-1629B2708318}.Release|Any CPU.Build.0 = Release|Any CPU
		{31D7F7CD-D2F3-4C1F-8FA1-F49AE6906168}.Debug|Any CPU.ActiveCfg = Debug|Any CPU
		{31D7F7CD-D2F3-4C1F-8FA1-F49AE6906168}.Debug|Any CPU.Build.0 = Debug|Any CPU
		{31D7F7CD-D2F3-4C1F-8FA1-F49AE6906168}.Release|Any CPU.ActiveCfg = Release|Any CPU
		{31D7F7CD-D2F3-4C1F-8FA1-F49AE6906168}.Release|Any CPU.Build.0 = Release|Any CPU
	EndGlobalSection
	GlobalSection(SolutionProperties) = preSolution
		HideSolutionNode = FALSE
	EndGlobalSection
	GlobalSection(ExtensibilityGlobals) = postSolution
		SolutionGuid = {B4B481BC-C1C9-4337-A95A-ED6152675166}
	EndGlobalSection
EndGlobal
